
Microsoft Visual Studio Solution File, Format Version 12.00
# Visual Studio 14
VisualStudioVersion = 14.0.24720.0
MinimumVisualStudioVersion = 10.0.40219.1
Project("{FAE04EC0-301F-11D3-BF4B-00C04F79EFBC}") = "RowAC", "Zumwalter\RowAC.csproj", "{FE505B33-320B-4596-8019-10EAD3DFD37A}"
EndProject
Project("{FAE04EC0-301F-11D3-BF4B-00C04F79EFBC}") = "RowPatcher", "ZumPatcher\RowPatcher.csproj", "{B6FA7C5E-C772-4798-ADEA-51D771D77F27}"
EndProject
Global
	GlobalSection(SolutionConfigurationPlatforms) = preSolution
		Debug|Any CPU = Debug|Any CPU
		Release|Any CPU = Release|Any CPU
	EndGlobalSection
	GlobalSection(ProjectConfigurationPlatforms) = postSolution
		{FE505B33-320B-4596-8019-10EAD3DFD37A}.Debug|Any CPU.ActiveCfg = Debug|Any CPU
		{FE505B33-320B-4596-8019-10EAD3DFD37A}.Debug|Any CPU.Build.0 = Debug|Any CPU
		{FE505B33-320B-4596-8019-10EAD3DFD37A}.Release|Any CPU.ActiveCfg = Release|Any CPU
		{FE505B33-320B-4596-8019-10EAD3DFD37A}.Release|Any CPU.Build.0 = Release|Any CPU
		{B6FA7C5E-C772-4798-ADEA-51D771D77F27}.Debug|Any CPU.ActiveCfg = Debug|Any CPU
		{B6FA7C5E-C772-4798-ADEA-51D771D77F27}.Debug|Any CPU.Build.0 = Debug|Any CPU
		{B6FA7C5E-C772-4798-ADEA-51D771D77F27}.Release|Any CPU.ActiveCfg = Release|Any CPU
		{B6FA7C5E-C772-4798-ADEA-51D771D77F27}.Release|Any CPU.Build.0 = Release|Any CPU
	EndGlobalSection
	GlobalSection(SolutionProperties) = preSolution
		HideSolutionNode = FALSE
	EndGlobalSection
EndGlobal
